
Microsoft Visual Studio Solution File, Format Version 12.00
# Visual Studio Version 16
VisualStudioVersion = 16.0.31702.278
MinimumVisualStudioVersion = 10.0.40219.1
Project("{FAE04EC0-301F-11D3-BF4B-00C04F79EFBC}") = "DiceRollApp", "DiceRollApp\DiceRollApp.csproj", "{0822C56D-7252-4751-90E7-6D3C6BEEBD28}"
EndProject
Global
	GlobalSection(SolutionConfigurationPlatforms) = preSolution
		Debug|Any CPU = Debug|Any CPU
		Release|Any CPU = Release|Any CPU
	EndGlobalSection
	GlobalSection(ProjectConfigurationPlatforms) = postSolution
		{0822C56D-7252-4751-90E7-6D3C6BEEBD28}.Debug|Any CPU.ActiveCfg = Debug|Any CPU
		{0822C56D-7252-4751-90E7-6D3C6BEEBD28}.Debug|Any CPU.Build.0 = Debug|Any CPU
		{0822C56D-7252-4751-90E7-6D3C6BEEBD28}.Release|Any CPU.ActiveCfg = Release|Any CPU
		{0822C56D-7252-4751-90E7-6D3C6BEEBD28}.Release|Any CPU.Build.0 = Release|Any CPU
	EndGlobalSection
	GlobalSection(SolutionProperties) = preSolution
		HideSolutionNode = FALSE
	EndGlobalSection
	GlobalSection(ExtensibilityGlobals) = postSolution
		SolutionGuid = {0BB2C13A-AA73-4BFE-A8D0-A396197BDC7E}
	EndGlobalSection
EndGlobal
