
Microsoft Visual Studio Solution File, Format Version 12.00
# Visual Studio Version 16
VisualStudioVersion = 16.0.31702.278
MinimumVisualStudioVersion = 10.0.40219.1
Project("{FAE04EC0-301F-11D3-BF4B-00C04F79EFBC}") = "MovieListApp", "MovieListApp\MovieListApp.csproj", "{39050F46-DF76-4E91-8AFC-D73DEA7D017A}"
EndProject
Global
	GlobalSection(SolutionConfigurationPlatforms) = preSolution
		Debug|Any CPU = Debug|Any CPU
		Release|Any CPU = Release|Any CPU
	EndGlobalSection
	GlobalSection(ProjectConfigurationPlatforms) = postSolution
		{39050F46-DF76-4E91-8AFC-D73DEA7D017A}.Debug|Any CPU.ActiveCfg = Debug|Any CPU
		{39050F46-DF76-4E91-8AFC-D73DEA7D017A}.Debug|Any CPU.Build.0 = Debug|Any CPU
		{39050F46-DF76-4E91-8AFC-D73DEA7D017A}.Release|Any CPU.ActiveCfg = Release|Any CPU
		{39050F46-DF76-4E91-8AFC-D73DEA7D017A}.Release|Any CPU.Build.0 = Release|Any CPU
	EndGlobalSection
	GlobalSection(SolutionProperties) = preSolution
		HideSolutionNode = FALSE
	EndGlobalSection
	GlobalSection(ExtensibilityGlobals) = postSolution
		SolutionGuid = {F2683A37-EFC8-4057-A597-E9EC5AE9E89D}
	EndGlobalSection
EndGlobal
