
Microsoft Visual Studio Solution File, Format Version 12.00
# Visual Studio Version 16
VisualStudioVersion = 16.0.31702.278
MinimumVisualStudioVersion = 10.0.40219.1
Project("{FAE04EC0-301F-11D3-BF4B-00C04F79EFBC}") = "ClassmateInfoObjectsApp", "ClassmateInfoObjectsApp\ClassmateInfoObjectsApp.csproj", "{37013BB0-3D6A-4E2E-841F-DBAEE752D50D}"
EndProject
Global
	GlobalSection(SolutionConfigurationPlatforms) = preSolution
		Debug|Any CPU = Debug|Any CPU
		Release|Any CPU = Release|Any CPU
	EndGlobalSection
	GlobalSection(ProjectConfigurationPlatforms) = postSolution
		{37013BB0-3D6A-4E2E-841F-DBAEE752D50D}.Debug|Any CPU.ActiveCfg = Debug|Any CPU
		{37013BB0-3D6A-4E2E-841F-DBAEE752D50D}.Debug|Any CPU.Build.0 = Debug|Any CPU
		{37013BB0-3D6A-4E2E-841F-DBAEE752D50D}.Release|Any CPU.ActiveCfg = Release|Any CPU
		{37013BB0-3D6A-4E2E-841F-DBAEE752D50D}.Release|Any CPU.Build.0 = Release|Any CPU
	EndGlobalSection
	GlobalSection(SolutionProperties) = preSolution
		HideSolutionNode = FALSE
	EndGlobalSection
	GlobalSection(ExtensibilityGlobals) = postSolution
		SolutionGuid = {7EE64870-8C18-49A6-AC9D-4E5059CFDDBE}
	EndGlobalSection
EndGlobal
